
Microsoft Visual Studio Solution File, Format Version 12.00
# Visual Studio 15
Project("{FAE04EC0-301F-11D3-BF4B-00C04F79EFBC}") = "Assembly-CSharp", "Assembly-CSharp.csproj", "{72B70D52-C54D-12A0-F2CE-C9B2DB2F5523}"
EndProject
Project("{FAE04EC0-301F-11D3-BF4B-00C04F79EFBC}") = "Assembly-CSharp-firstpass", "Assembly-CSharp-firstpass.csproj", "{A36C85AB-EBAD-F1E9-4CA6-7DB6A5B07A2C}"
EndProject
Global
	GlobalSection(SolutionConfigurationPlatforms) = preSolution
		Debug|Any CPU = Debug|Any CPU
		Release|Any CPU = Release|Any CPU
	EndGlobalSection
	GlobalSection(ProjectConfigurationPlatforms) = postSolution
		{72B70D52-C54D-12A0-F2CE-C9B2DB2F5523}.Debug|Any CPU.ActiveCfg = Debug|Any CPU
		{72B70D52-C54D-12A0-F2CE-C9B2DB2F5523}.Debug|Any CPU.Build.0 = Debug|Any CPU
		{72B70D52-C54D-12A0-F2CE-C9B2DB2F5523}.Release|Any CPU.ActiveCfg = Release|Any CPU
		{72B70D52-C54D-12A0-F2CE-C9B2DB2F5523}.Release|Any CPU.Build.0 = Release|Any CPU
		{A36C85AB-EBAD-F1E9-4CA6-7DB6A5B07A2C}.Debug|Any CPU.ActiveCfg = Debug|Any CPU
		{A36C85AB-EBAD-F1E9-4CA6-7DB6A5B07A2C}.Debug|Any CPU.Build.0 = Debug|Any CPU
		{A36C85AB-EBAD-F1E9-4CA6-7DB6A5B07A2C}.Release|Any CPU.ActiveCfg = Release|Any CPU
		{A36C85AB-EBAD-F1E9-4CA6-7DB6A5B07A2C}.Release|Any CPU.Build.0 = Release|Any CPU
	EndGlobalSection
	GlobalSection(SolutionProperties) = preSolution
		HideSolutionNode = FALSE
	EndGlobalSection
EndGlobal
